// !$*UTF8*$!
{
	archiveVersion = 1;
	classes = {
	};
	objectVersion = 54;
	objects = {

/* Begin PBXBuildFile section */
		223FE06A2805B81400A917ED /* PrototypeUserInterface.swift in Sources */ = {isa = PBXBuildFile; fileRef = 223FE0652805B81400A917ED /* PrototypeUserInterface.swift */; };
		223FE06B2805B81400A917ED /* BalanceView.swift in Sources */ = {isa = PBXBuildFile; fileRef = 223FE0662805B81400A917ED /* BalanceView.swift */; };
		223FE06C2805B81400A917ED /* TransactionListCell.swift in Sources */ = {isa = PBXBuildFile; fileRef = 223FE0672805B81400A917ED /* TransactionListCell.swift */; };
		223FE06D2805B81400A917ED /* TransactionListView.swift in Sources */ = {isa = PBXBuildFile; fileRef = 223FE0682805B81400A917ED /* TransactionListView.swift */; };
		223FE06E2805B81400A917ED /* TransactionView.swift in Sources */ = {isa = PBXBuildFile; fileRef = 223FE0692805B81400A917ED /* TransactionView.swift */; };
		22A442D728046D4B001547E9 /* AppDelegate.swift in Sources */ = {isa = PBXBuildFile; fileRef = 22A442D628046D4B001547E9 /* AppDelegate.swift */; };
		22A442D928046D4B001547E9 /* SceneDelegate.swift in Sources */ = {isa = PBXBuildFile; fileRef = 22A442D828046D4B001547E9 /* SceneDelegate.swift */; };
		22A442DB28046D4B001547E9 /* ViewController.swift in Sources */ = {isa = PBXBuildFile; fileRef = 22A442DA28046D4B001547E9 /* ViewController.swift */; };
		22A442E028046D4C001547E9 /* Assets.xcassets in Resources */ = {isa = PBXBuildFile; fileRef = 22A442DF28046D4C001547E9 /* Assets.xcassets */; };
		22A442E328046D4C001547E9 /* LaunchScreen.storyboard in Resources */ = {isa = PBXBuildFile; fileRef = 22A442E128046D4C001547E9 /* LaunchScreen.storyboard */; };
		22A442EE28046D4C001547E9 /* Batch7Demo01Tests.swift in Sources */ = {isa = PBXBuildFile; fileRef = 22A442ED28046D4C001547E9 /* Batch7Demo01Tests.swift */; };
		22A442F828046D4C001547E9 /* Batch7Demo01UITests.swift in Sources */ = {isa = PBXBuildFile; fileRef = 22A442F728046D4C001547E9 /* Batch7Demo01UITests.swift */; };
		22A442FA28046D4C001547E9 /* Batch7Demo01UITestsLaunchTests.swift in Sources */ = {isa = PBXBuildFile; fileRef = 22A442F928046D4C001547E9 /* Batch7Demo01UITestsLaunchTests.swift */; };
/* End PBXBuildFile section */

/* Begin PBXContainerItemProxy section */
		22A442EA28046D4C001547E9 /* PBXContainerItemProxy */ = {
			isa = PBXContainerItemProxy;
			containerPortal = 22A442CB28046D4B001547E9 /* Project object */;
			proxyType = 1;
			remoteGlobalIDString = 22A442D228046D4B001547E9;
			remoteInfo = Batch7Demo01;
		};
		22A442F428046D4C001547E9 /* PBXContainerItemProxy */ = {
			isa = PBXContainerItemProxy;
			containerPortal = 22A442CB28046D4B001547E9 /* Project object */;
			proxyType = 1;
			remoteGlobalIDString = 22A442D228046D4B001547E9;
			remoteInfo = Batch7Demo01;
		};
/* End PBXContainerItemProxy section */

/* Begin PBXFileReference section */
		223FE0652805B81400A917ED /* PrototypeUserInterface.swift */ = {isa = PBXFileReference; fileEncoding = 4; lastKnownFileType = sourcecode.swift; path = PrototypeUserInterface.swift; sourceTree = "<group>"; };
		223FE0662805B81400A917ED /* BalanceView.swift */ = {isa = PBXFileReference; fileEncoding = 4; lastKnownFileType = sourcecode.swift; path = BalanceView.swift; sourceTree = "<group>"; };
		223FE0672805B81400A917ED /* TransactionListCell.swift */ = {isa = PBXFileReference; fileEncoding = 4; lastKnownFileType = sourcecode.swift; path = TransactionListCell.swift; sourceTree = "<group>"; };
		223FE0682805B81400A917ED /* TransactionListView.swift */ = {isa = PBXFileReference; fileEncoding = 4; lastKnownFileType = sourcecode.swift; path = TransactionListView.swift; sourceTree = "<group>"; };
		223FE0692805B81400A917ED /* TransactionView.swift */ = {isa = PBXFileReference; fileEncoding = 4; lastKnownFileType = sourcecode.swift; path = TransactionView.swift; sourceTree = "<group>"; };
		22A442D328046D4B001547E9 /* Batch7Demo01.app */ = {isa = PBXFileReference; explicitFileType = wrapper.application; includeInIndex = 0; path = Batch7Demo01.app; sourceTree = BUILT_PRODUCTS_DIR; };
		22A442D628046D4B001547E9 /* AppDelegate.swift */ = {isa = PBXFileReference; lastKnownFileType = sourcecode.swift; path = AppDelegate.swift; sourceTree = "<group>"; };
		22A442D828046D4B001547E9 /* SceneDelegate.swift */ = {isa = PBXFileReference; lastKnownFileType = sourcecode.swift; path = SceneDelegate.swift; sourceTree = "<group>"; };
		22A442DA28046D4B001547E9 /* ViewController.swift */ = {isa = PBXFileReference; lastKnownFileType = sourcecode.swift; path = ViewController.swift; sourceTree = "<group>"; };
		22A442DF28046D4C001547E9 /* Assets.xcassets */ = {isa = PBXFileReference; lastKnownFileType = folder.assetcatalog; path = Assets.xcassets; sourceTree = "<group>"; };
		22A442E228046D4C001547E9 /* Base */ = {isa = PBXFileReference; lastKnownFileType = file.storyboard; name = Base; path = Base.lproj/LaunchScreen.storyboard; sourceTree = "<group>"; };
		22A442E428046D4C001547E9 /* Info.plist */ = {isa = PBXFileReference; lastKnownFileType = text.plist.xml; path = Info.plist; sourceTree = "<group>"; };
		22A442E928046D4C001547E9 /* Batch7Demo01Tests.xctest */ = {isa = PBXFileReference; explicitFileType = wrapper.cfbundle; includeInIndex = 0; path = Batch7Demo01Tests.xctest; sourceTree = BUILT_PRODUCTS_DIR; };
		22A442ED28046D4C001547E9 /* Batch7Demo01Tests.swift */ = {isa = PBXFileReference; lastKnownFileType = sourcecode.swift; path = Batch7Demo01Tests.swift; sourceTree = "<group>"; };
		22A442F328046D4C001547E9 /* Batch7Demo01UITests.xctest */ = {isa = PBXFileReference; explicitFileType = wrapper.cfbundle; includeInIndex = 0; path = Batch7Demo01UITests.xctest; sourceTree = BUILT_PRODUCTS_DIR; };
		22A442F728046D4C001547E9 /* Batch7Demo01UITests.swift */ = {isa = PBXFileReference; lastKnownFileType = sourcecode.swift; path = Batch7Demo01UITests.swift; sourceTree = "<group>"; };
		22A442F928046D4C001547E9 /* Batch7Demo01UITestsLaunchTests.swift */ = {isa = PBXFileReference; lastKnownFileType = sourcecode.swift; path = Batch7Demo01UITestsLaunchTests.swift; sourceTree = "<group>"; };
/* End PBXFileReference section */

/* Begin PBXFrameworksBuildPhase section */
		22A442D028046D4B001547E9 /* Frameworks */ = {
			isa = PBXFrameworksBuildPhase;
			buildActionMask = 2147483647;
			files = (
			);
			runOnlyForDeploymentPostprocessing = 0;
		};
		22A442E628046D4C001547E9 /* Frameworks */ = {
			isa = PBXFrameworksBuildPhase;
			buildActionMask = 2147483647;
			files = (
			);
			runOnlyForDeploymentPostprocessing = 0;
		};
		22A442F028046D4C001547E9 /* Frameworks */ = {
			isa = PBXFrameworksBuildPhase;
			buildActionMask = 2147483647;
			files = (
			);
			runOnlyForDeploymentPostprocessing = 0;
		};
/* End PBXFrameworksBuildPhase section */

/* Begin PBXGroup section */
		223FE0642805B7D900A917ED /* PrototypeUI */ = {
			isa = PBXGroup;
			children = (
				223FE0652805B81400A917ED /* PrototypeUserInterface.swift */,
				223FE0662805B81400A917ED /* BalanceView.swift */,
				223FE0672805B81400A917ED /* TransactionListCell.swift */,
				223FE0682805B81400A917ED /* TransactionListView.swift */,
				223FE0692805B81400A917ED /* TransactionView.swift */,
			);
			path = PrototypeUI;
			sourceTree = "<group>";
		};
		22A442CA28046D4B001547E9 = {
			isa = PBXGroup;
			children = (
				22A442D528046D4B001547E9 /* Batch7Demo01 */,
				22A442EC28046D4C001547E9 /* Batch7Demo01Tests */,
				22A442F628046D4C001547E9 /* Batch7Demo01UITests */,
				22A442D428046D4B001547E9 /* Products */,
			);
			sourceTree = "<group>";
		};
		22A442D428046D4B001547E9 /* Products */ = {
			isa = PBXGroup;
			children = (
				22A442D328046D4B001547E9 /* Batch7Demo01.app */,
				22A442E928046D4C001547E9 /* Batch7Demo01Tests.xctest */,
				22A442F328046D4C001547E9 /* Batch7Demo01UITests.xctest */,
			);
			name = Products;
			sourceTree = "<group>";
		};
		22A442D528046D4B001547E9 /* Batch7Demo01 */ = {
			isa = PBXGroup;
			children = (
				223FE0642805B7D900A917ED /* PrototypeUI */,
				22A442D628046D4B001547E9 /* AppDelegate.swift */,
				22A442D828046D4B001547E9 /* SceneDelegate.swift */,
				22A442DA28046D4B001547E9 /* ViewController.swift */,
				22A442DF28046D4C001547E9 /* Assets.xcassets */,
				22A442E128046D4C001547E9 /* LaunchScreen.storyboard */,
				22A442E428046D4C001547E9 /* Info.plist */,
			);
			path = Batch7Demo01;
			sourceTree = "<group>";
		};
		22A442EC28046D4C001547E9 /* Batch7Demo01Tests */ = {
			isa = PBXGroup;
			children = (
				22A442ED28046D4C001547E9 /* Batch7Demo01Tests.swift */,
			);
			path = Batch7Demo01Tests;
			sourceTree = "<group>";
		};
		22A442F628046D4C001547E9 /* Batch7Demo01UITests */ = {
			isa = PBXGroup;
			children = (
				22A442F728046D4C001547E9 /* Batch7Demo01UITests.swift */,
				22A442F928046D4C001547E9 /* Batch7Demo01UITestsLaunchTests.swift */,
			);
			path = Batch7Demo01UITests;
			sourceTree = "<group>";
		};
/* End PBXGroup section */

/* Begin PBXNativeTarget section */
		22A442D228046D4B001547E9 /* Batch7Demo01 */ = {
			isa = PBXNativeTarget;
			buildConfigurationList = 22A442FD28046D4C001547E9 /* Build configuration list for PBXNativeTarget "Batch7Demo01" */;
			buildPhases = (
				22A442CF28046D4B001547E9 /* Sources */,
				22A442D028046D4B001547E9 /* Frameworks */,
				22A442D128046D4B001547E9 /* Resources */,
			);
			buildRules = (
			);
			dependencies = (
			);
			name = Batch7Demo01;
			productName = Batch7Demo01;
			productReference = 22A442D328046D4B001547E9 /* Batch7Demo01.app */;
			productType = "com.apple.product-type.application";
		};
		22A442E828046D4C001547E9 /* Batch7Demo01Tests */ = {
			isa = PBXNativeTarget;
			buildConfigurationList = 22A4430028046D4C001547E9 /* Build configuration list for PBXNativeTarget "Batch7Demo01Tests" */;
			buildPhases = (
				22A442E528046D4C001547E9 /* Sources */,
				22A442E628046D4C001547E9 /* Frameworks */,
				22A442E728046D4C001547E9 /* Resources */,
			);
			buildRules = (
			);
			dependencies = (
				22A442EB28046D4C001547E9 /* PBXTargetDependency */,
			);
			name = Batch7Demo01Tests;
			productName = Batch7Demo01Tests;
			productReference = 22A442E928046D4C001547E9 /* Batch7Demo01Tests.xctest */;
			productType = "com.apple.product-type.bundle.unit-test";
		};
		22A442F228046D4C001547E9 /* Batch7Demo01UITests */ = {
			isa = PBXNativeTarget;
			buildConfigurationList = 22A4430328046D4C001547E9 /* Build configuration list for PBXNativeTarget "Batch7Demo01UITests" */;
			buildPhases = (
				22A442EF28046D4C001547E9 /* Sources */,
				22A442F028046D4C001547E9 /* Frameworks */,
				22A442F128046D4C001547E9 /* Resources */,
			);
			buildRules = (
			);
			dependencies = (
				22A442F528046D4C001547E9 /* PBXTargetDependency */,
			);
			name = Batch7Demo01UITests;
			productName = Batch7Demo01UITests;
			productReference = 22A442F328046D4C001547E9 /* Batch7Demo01UITests.xctest */;
			productType = "com.apple.product-type.bundle.ui-testing";
		};
/* End PBXNativeTarget section */

/* Begin PBXProject section */
		22A442CB28046D4B001547E9 /* Project object */ = {
			isa = PBXProject;
			attributes = {
				BuildIndependentTargetsInParallel = 1;
				LastSwiftUpdateCheck = 1320;
				LastUpgradeCheck = 1320;
				TargetAttributes = {
					22A442D228046D4B001547E9 = {
						CreatedOnToolsVersion = 13.2.1;
					};
					22A442E828046D4C001547E9 = {
						CreatedOnToolsVersion = 13.2.1;
						TestTargetID = 22A442D228046D4B001547E9;
					};
					22A442F228046D4C001547E9 = {
						CreatedOnToolsVersion = 13.2.1;
						TestTargetID = 22A442D228046D4B001547E9;
					};
				};
			};
			buildConfigurationList = 22A442CE28046D4B001547E9 /* Build configuration list for PBXProject "Batch7Demo01" */;
			compatibilityVersion = "Xcode 12.0";
			developmentRegion = en;
			hasScannedForEncodings = 0;
			knownRegions = (
				en,
				Base,
			);
			mainGroup = 22A442CA28046D4B001547E9;
			productRefGroup = 22A442D428046D4B001547E9 /* Products */;
			projectDirPath = "";
			projectRoot = "";
			targets = (
				22A442D228046D4B001547E9 /* Batch7Demo01 */,
				22A442E828046D4C001547E9 /* Batch7Demo01Tests */,
				22A442F228046D4C001547E9 /* Batch7Demo01UITests */,
			);
		};
/* End PBXProject section */

/* Begin PBXResourcesBuildPhase section */
		22A442D128046D4B001547E9 /* Resources */ = {
			isa = PBXResourcesBuildPhase;
			buildActionMask = 2147483647;
			files = (
				22A442E328046D4C001547E9 /* LaunchScreen.storyboard in Resources */,
				22A442E028046D4C001547E9 /* Assets.xcassets in Resources */,
			);
			runOnlyForDeploymentPostprocessing = 0;
		};
		22A442E728046D4C001547E9 /* Resources */ = {
			isa = PBXResourcesBuildPhase;
			buildActionMask = 2147483647;
			files = (
			);
			runOnlyForDeploymentPostprocessing = 0;
		};
		22A442F128046D4C001547E9 /* Resources */ = {
			isa = PBXResourcesBuildPhase;
			buildActionMask = 2147483647;
			files = (
			);
			runOnlyForDeploymentPostprocessing = 0;
		};
/* End PBXResourcesBuildPhase section */

/* Begin PBXSourcesBuildPhase section */
		22A442CF28046D4B001547E9 /* Sources */ = {
			isa = PBXSourcesBuildPhase;
			buildActionMask = 2147483647;
			files = (
				22A442DB28046D4B001547E9 /* ViewController.swift in Sources */,
				223FE06E2805B81400A917ED /* TransactionView.swift in Sources */,
				223FE06B2805B81400A917ED /* BalanceView.swift in Sources */,
				223FE06A2805B81400A917ED /* PrototypeUserInterface.swift in Sources */,
				22A442D728046D4B001547E9 /* AppDelegate.swift in Sources */,
				223FE06C2805B81400A917ED /* TransactionListCell.swift in Sources */,
				223FE06D2805B81400A917ED /* TransactionListView.swift in Sources */,
				22A442D928046D4B001547E9 /* SceneDelegate.swift in Sources */,
			);
			runOnlyForDeploymentPostprocessing = 0;
		};
		22A442E528046D4C001547E9 /* Sources */ = {
			isa = PBXSourcesBuildPhase;
			buildActionMask = 2147483647;
			files = (
				22A442EE28046D4C001547E9 /* Batch7Demo01Tests.swift in Sources */,
			);
			runOnlyForDeploymentPostprocessing = 0;
		};
		22A442EF28046D4C001547E9 /* Sources */ = {
			isa = PBXSourcesBuildPhase;
			buildActionMask = 2147483647;
			files = (
				22A442F828046D4C001547E9 /* Batch7Demo01UITests.swift in Sources */,
				22A442FA28046D4C001547E9 /* Batch7Demo01UITestsLaunchTests.swift in Sources */,
			);
			runOnlyForDeploymentPostprocessing = 0;
		};
/* End PBXSourcesBuildPhase section */

/* Begin PBXTargetDependency section */
		22A442EB28046D4C001547E9 /* PBXTargetDependency */ = {
			isa = PBXTargetDependency;
			target = 22A442D228046D4B001547E9 /* Batch7Demo01 */;
			targetProxy = 22A442EA28046D4C001547E9 /* PBXContainerItemProxy */;
		};
		22A442F528046D4C001547E9 /* PBXTargetDependency */ = {
			isa = PBXTargetDependency;
			target = 22A442D228046D4B001547E9 /* Batch7Demo01 */;
			targetProxy = 22A442F428046D4C001547E9 /* PBXContainerItemProxy */;
		};
/* End PBXTargetDependency section */

/* Begin PBXVariantGroup section */
		22A442E128046D4C001547E9 /* LaunchScreen.storyboard */ = {
			isa = PBXVariantGroup;
			children = (
				22A442E228046D4C001547E9 /* Base */,
			);
			name = LaunchScreen.storyboard;
			sourceTree = "<group>";
		};
/* End PBXVariantGroup section */

/* Begin XCBuildConfiguration section */
		22A442FB28046D4C001547E9 /* Debug */ = {
			isa = XCBuildConfiguration;
			buildSettings = {
				ALWAYS_SEARCH_USER_PATHS = NO;
				CLANG_ANALYZER_NONNULL = YES;
				CLANG_ANALYZER_NUMBER_OBJECT_CONVERSION = YES_AGGRESSIVE;
				CLANG_CXX_LANGUAGE_STANDARD = "gnu++17";
				CLANG_CXX_LIBRARY = "libc++";
				CLANG_ENABLE_MODULES = YES;
				CLANG_ENABLE_OBJC_ARC = YES;
				CLANG_ENABLE_OBJC_WEAK = YES;
				CLANG_WARN_BLOCK_CAPTURE_AUTORELEASING = YES;
				CLANG_WARN_BOOL_CONVERSION = YES;
				CLANG_WARN_COMMA = YES;
				CLANG_WARN_CONSTANT_CONVERSION = YES;
				CLANG_WARN_DEPRECATED_OBJC_IMPLEMENTATIONS = YES;
				CLANG_WARN_DIRECT_OBJC_ISA_USAGE = YES_ERROR;
				CLANG_WARN_DOCUMENTATION_COMMENTS = YES;
				CLANG_WARN_EMPTY_BODY = YES;
				CLANG_WARN_ENUM_CONVERSION = YES;
				CLANG_WARN_INFINITE_RECURSION = YES;
				CLANG_WARN_INT_CONVERSION = YES;
				CLANG_WARN_NON_LITERAL_NULL_CONVERSION = YES;
				CLANG_WARN_OBJC_IMPLICIT_RETAIN_SELF = YES;
				CLANG_WARN_OBJC_LITERAL_CONVERSION = YES;
				CLANG_WARN_OBJC_ROOT_CLASS = YES_ERROR;
				CLANG_WARN_QUOTED_INCLUDE_IN_FRAMEWORK_HEADER = YES;
				CLANG_WARN_RANGE_LOOP_ANALYSIS = YES;
				CLANG_WARN_STRICT_PROTOTYPES = YES;
				CLANG_WARN_SUSPICIOUS_MOVE = YES;
				CLANG_WARN_UNGUARDED_AVAILABILITY = YES_AGGRESSIVE;
				CLANG_WARN_UNREACHABLE_CODE = YES;
				CLANG_WARN__DUPLICATE_METHOD_MATCH = YES;
				COPY_PHASE_STRIP = NO;
				DEBUG_INFORMATION_FORMAT = dwarf;
				ENABLE_STRICT_OBJC_MSGSEND = YES;
				ENABLE_TESTABILITY = YES;
				GCC_C_LANGUAGE_STANDARD = gnu11;
				GCC_DYNAMIC_NO_PIC = NO;
				GCC_NO_COMMON_BLOCKS = YES;
				GCC_OPTIMIZATION_LEVEL = 0;
				GCC_PREPROCESSOR_DEFINITIONS = (
					"DEBUG=1",
					"$(inherited)",
				);
				GCC_WARN_64_TO_32_BIT_CONVERSION = YES;
				GCC_WARN_ABOUT_RETURN_TYPE = YES_ERROR;
				GCC_WARN_UNDECLARED_SELECTOR = YES;
				GCC_WARN_UNINITIALIZED_AUTOS = YES_AGGRESSIVE;
				GCC_WARN_UNUSED_FUNCTION = YES;
				GCC_WARN_UNUSED_VARIABLE = YES;
				IPHONEOS_DEPLOYMENT_TARGET = 14.1;
				MTL_ENABLE_DEBUG_INFO = INCLUDE_SOURCE;
				MTL_FAST_MATH = YES;
				ONLY_ACTIVE_ARCH = YES;
				SDKROOT = iphoneos;
				SWIFT_ACTIVE_COMPILATION_CONDITIONS = DEBUG;
				SWIFT_OPTIMIZATION_LEVEL = "-Onone";
			};
			name = Debug;
		};
		22A442FC28046D4C001547E9 /* Release */ = {
			isa = XCBuildConfiguration;
			buildSettings = {
				ALWAYS_SEARCH_USER_PATHS = NO;
				CLANG_ANALYZER_NONNULL = YES;
				CLANG_ANALYZER_NUMBER_OBJECT_CONVERSION = YES_AGGRESSIVE;
				CLANG_CXX_LANGUAGE_STANDARD = "gnu++17";
				CLANG_CXX_LIBRARY = "libc++";
				CLANG_ENABLE_MODULES = YES;
				CLANG_ENABLE_OBJC_ARC = YES;
				CLANG_ENABLE_OBJC_WEAK = YES;
				CLANG_WARN_BLOCK_CAPTURE_AUTORELEASING = YES;
				CLANG_WARN_BOOL_CONVERSION = YES;
				CLANG_WARN_COMMA = YES;
				CLANG_WARN_CONSTANT_CONVERSION = YES;
				CLANG_WARN_DEPRECATED_OBJC_IMPLEMENTATIONS = YES;
				CLANG_WARN_DIRECT_OBJC_ISA_USAGE = YES_ERROR;
				CLANG_WARN_DOCUMENTATION_COMMENTS = YES;
				CLANG_WARN_EMPTY_BODY = YES;
				CLANG_WARN_ENUM_CONVERSION = YES;
				CLANG_WARN_INFINITE_RECURSION = YES;
				CLANG_WARN_INT_CONVERSION = YES;
				CLANG_WARN_NON_LITERAL_NULL_CONVERSION = YES;
				CLANG_WARN_OBJC_IMPLICIT_RETAIN_SELF = YES;
				CLANG_WARN_OBJC_LITERAL_CONVERSION = YES;
				CLANG_WARN_OBJC_ROOT_CLASS = YES_ERROR;
				CLANG_WARN_QUOTED_INCLUDE_IN_FRAMEWORK_HEADER = YES;
				CLANG_WARN_RANGE_LOOP_ANALYSIS = YES;
				CLANG_WARN_STRICT_PROTOTYPES = YES;
				CLANG_WARN_SUSPICIOUS_MOVE = YES;
				CLANG_WARN_UNGUARDED_AVAILABILITY = YES_AGGRESSIVE;
				CLANG_WARN_UNREACHABLE_CODE = YES;
				CLANG_WARN__DUPLICATE_METHOD_MATCH = YES;
				COPY_PHASE_STRIP = NO;
				DEBUG_INFORMATION_FORMAT = "dwarf-with-dsym";
				ENABLE_NS_ASSERTIONS = NO;
				ENABLE_STRICT_OBJC_MSGSEND = YES;
				GCC_C_LANGUAGE_STANDARD = gnu11;
				GCC_NO_COMMON_BLOCKS = YES;
				GCC_WARN_64_TO_32_BIT_CONVERSION = YES;
				GCC_WARN_ABOUT_RETURN_TYPE = YES_ERROR;
				GCC_WARN_UNDECLARED_SELECTOR = YES;
				GCC_WARN_UNINITIALIZED_AUTOS = YES_AGGRESSIVE;
				GCC_WARN_UNUSED_FUNCTION = YES;
				GCC_WARN_UNUSED_VARIABLE = YES;
				IPHONEOS_DEPLOYMENT_TARGET = 14.1;
				MTL_ENABLE_DEBUG_INFO = NO;
				MTL_FAST_MATH = YES;
				SDKROOT = iphoneos;
				SWIFT_COMPILATION_MODE = wholemodule;
				SWIFT_OPTIMIZATION_LEVEL = "-O";
				VALIDATE_PRODUCT = YES;
			};
			name = Release;
		};
		22A442FE28046D4C001547E9 /* Debug */ = {
			isa = XCBuildConfiguration;
			buildSettings = {
				ASSETCATALOG_COMPILER_APPICON_NAME = AppIcon;
				ASSETCATALOG_COMPILER_GLOBAL_ACCENT_COLOR_NAME = AccentColor;
				CODE_SIGN_STYLE = Automatic;
				CURRENT_PROJECT_VERSION = 1;
				DEVELOPMENT_TEAM = C8TR6D88SN;
				GENERATE_INFOPLIST_FILE = YES;
				INFOPLIST_FILE = Batch7Demo01/Info.plist;
				INFOPLIST_KEY_UIApplicationSupportsIndirectInputEvents = YES;
				INFOPLIST_KEY_UILaunchStoryboardName = LaunchScreen;
				INFOPLIST_KEY_UISupportedInterfaceOrientations_iPad = "UIInterfaceOrientationPortrait UIInterfaceOrientationPortraitUpsideDown UIInterfaceOrientationLandscapeLeft UIInterfaceOrientationLandscapeRight";
				INFOPLIST_KEY_UISupportedInterfaceOrientations_iPhone = "UIInterfaceOrientationPortrait UIInterfaceOrientationLandscapeLeft UIInterfaceOrientationLandscapeRight";
				LD_RUNPATH_SEARCH_PATHS = (
					"$(inherited)",
					"@executable_path/Frameworks",
				);
				MARKETING_VERSION = 1.0;
				PRODUCT_BUNDLE_IDENTIFIER = net.apperdashery.test.Batch7Demo01;
				PRODUCT_NAME = "$(TARGET_NAME)";
				SWIFT_EMIT_LOC_STRINGS = YES;
				SWIFT_VERSION = 5.0;
				TARGETED_DEVICE_FAMILY = "1,2";
			};
			name = Debug;
		};
		22A442FF28046D4C001547E9 /* Release */ = {
			isa = XCBuildConfiguration;
			buildSettings = {
				ASSETCATALOG_COMPILER_APPICON_NAME = AppIcon;
				ASSETCATALOG_COMPILER_GLOBAL_ACCENT_COLOR_NAME = AccentColor;
				CODE_SIGN_STYLE = Automatic;
				CURRENT_PROJECT_VERSION = 1;
				DEVELOPMENT_TEAM = C8TR6D88SN;
				GENERATE_INFOPLIST_FILE = YES;
				INFOPLIST_FILE = Batch7Demo01/Info.plist;
				INFOPLIST_KEY_UIApplicationSupportsIndirectInputEvents = YES;
				INFOPLIST_KEY_UILaunchStoryboardName = LaunchScreen;
				INFOPLIST_KEY_UISupportedInterfaceOrientations_iPad = "UIInterfaceOrientationPortrait UIInterfaceOrientationPortraitUpsideDown UIInterfaceOrientationLandscapeLeft UIInterfaceOrientationLandscapeRight";
				INFOPLIST_KEY_UISupportedInterfaceOrientations_iPhone = "UIInterfaceOrientationPortrait UIInterfaceOrientationLandscapeLeft UIInterfaceOrientationLandscapeRight";
				LD_RUNPATH_SEARCH_PATHS = (
					"$(inherited)",
					"@executable_path/Frameworks",
				);
				MARKETING_VERSION = 1.0;
				PRODUCT_BUNDLE_IDENTIFIER = net.apperdashery.test.Batch7Demo01;
				PRODUCT_NAME = "$(TARGET_NAME)";
				SWIFT_EMIT_LOC_STRINGS = YES;
				SWIFT_VERSION = 5.0;
				TARGETED_DEVICE_FAMILY = "1,2";
			};
			name = Release;
		};
		22A4430128046D4C001547E9 /* Debug */ = {
			isa = XCBuildConfiguration;
			buildSettings = {
				ALWAYS_EMBED_SWIFT_STANDARD_LIBRARIES = YES;
				BUNDLE_LOADER = "$(TEST_HOST)";
				CODE_SIGN_STYLE = Automatic;
				CURRENT_PROJECT_VERSION = 1;
				DEVELOPMENT_TEAM = C8TR6D88SN;
				GENERATE_INFOPLIST_FILE = YES;
				IPHONEOS_DEPLOYMENT_TARGET = 14.1;
				MARKETING_VERSION = 1.0;
				PRODUCT_BUNDLE_IDENTIFIER = net.apperdashery.test.Batch7Demo01Tests;
				PRODUCT_NAME = "$(TARGET_NAME)";
				SWIFT_EMIT_LOC_STRINGS = NO;
				SWIFT_VERSION = 5.0;
				TARGETED_DEVICE_FAMILY = "1,2";
				TEST_HOST = "$(BUILT_PRODUCTS_DIR)/Batch7Demo01.app/Batch7Demo01";
			};
			name = Debug;
		};
		22A4430228046D4C001547E9 /* Release */ = {
			isa = XCBuildConfiguration;
			buildSettings = {
				ALWAYS_EMBED_SWIFT_STANDARD_LIBRARIES = YES;
				BUNDLE_LOADER = "$(TEST_HOST)";
				CODE_SIGN_STYLE = Automatic;
				CURRENT_PROJECT_VERSION = 1;
				DEVELOPMENT_TEAM = C8TR6D88SN;
				GENERATE_INFOPLIST_FILE = YES;
				IPHONEOS_DEPLOYMENT_TARGET = 14.1;
				MARKETING_VERSION = 1.0;
				PRODUCT_BUNDLE_IDENTIFIER = net.apperdashery.test.Batch7Demo01Tests;
				PRODUCT_NAME = "$(TARGET_NAME)";
				SWIFT_EMIT_LOC_STRINGS = NO;
				SWIFT_VERSION = 5.0;
				TARGETED_DEVICE_FAMILY = "1,2";
				TEST_HOST = "$(BUILT_PRODUCTS_DIR)/Batch7Demo01.app/Batch7Demo01";
			};
			name = Release;
		};
		22A4430428046D4C001547E9 /* Debug */ = {
			isa = XCBuildConfiguration;
			buildSettings = {
				ALWAYS_EMBED_SWIFT_STANDARD_LIBRARIES = YES;
				CODE_SIGN_STYLE = Automatic;
				CURRENT_PROJECT_VERSION = 1;
				DEVELOPMENT_TEAM = C8TR6D88SN;
				GENERATE_INFOPLIST_FILE = YES;
				MARKETING_VERSION = 1.0;
				PRODUCT_BUNDLE_IDENTIFIER = net.apperdashery.test.Batch7Demo01UITests;
				PRODUCT_NAME = "$(TARGET_NAME)";
				SWIFT_EMIT_LOC_STRINGS = NO;
				SWIFT_VERSION = 5.0;
				TARGETED_DEVICE_FAMILY = "1,2";
				TEST_TARGET_NAME = Batch7Demo01;
			};
			name = Debug;
		};
		22A4430528046D4C001547E9 /* Release */ = {
			isa = XCBuildConfiguration;
			buildSettings = {
				ALWAYS_EMBED_SWIFT_STANDARD_LIBRARIES = YES;
				CODE_SIGN_STYLE = Automatic;
				CURRENT_PROJECT_VERSION = 1;
				DEVELOPMENT_TEAM = C8TR6D88SN;
				GENERATE_INFOPLIST_FILE = YES;
				MARKETING_VERSION = 1.0;
				PRODUCT_BUNDLE_IDENTIFIER = net.apperdashery.test.Batch7Demo01UITests;
				PRODUCT_NAME = "$(TARGET_NAME)";
				SWIFT_EMIT_LOC_STRINGS = NO;
				SWIFT_VERSION = 5.0;
				TARGETED_DEVICE_FAMILY = "1,2";
				TEST_TARGET_NAME = Batch7Demo01;
			};
			name = Release;
		};
/* End XCBuildConfiguration section */

/* Begin XCConfigurationList section */
		22A442CE28046D4B001547E9 /* Build configuration list for PBXProject "Batch7Demo01" */ = {
			isa = XCConfigurationList;
			buildConfigurations = (
				22A442FB28046D4C001547E9 /* Debug */,
				22A442FC28046D4C001547E9 /* Release */,
			);
			defaultConfigurationIsVisible = 0;
			defaultConfigurationName = Release;
		};
		22A442FD28046D4C001547E9 /* Build configuration list for PBXNativeTarget "Batch7Demo01" */ = {
			isa = XCConfigurationList;
			buildConfigurations = (
				22A442FE28046D4C001547E9 /* Debug */,
				22A442FF28046D4C001547E9 /* Release */,
			);
			defaultConfigurationIsVisible = 0;
			defaultConfigurationName = Release;
		};
		22A4430028046D4C001547E9 /* Build configuration list for PBXNativeTarget "Batch7Demo01Tests" */ = {
			isa = XCConfigurationList;
			buildConfigurations = (
				22A4430128046D4C001547E9 /* Debug */,
				22A4430228046D4C001547E9 /* Release */,
			);
			defaultConfigurationIsVisible = 0;
			defaultConfigurationName = Release;
		};
		22A4430328046D4C001547E9 /* Build configuration list for PBXNativeTarget "Batch7Demo01UITests" */ = {
			isa = XCConfigurationList;
			buildConfigurations = (
				22A4430428046D4C001547E9 /* Debug */,
				22A4430528046D4C001547E9 /* Release */,
			);
			defaultConfigurationIsVisible = 0;
			defaultConfigurationName = Release;
		};
/* End XCConfigurationList section */
	};
	rootObject = 22A442CB28046D4B001547E9 /* Project object */;
}
